
Microsoft Visual Studio Solution File, Format Version 12.00
# Visual Studio Version 17
VisualStudioVersion = 17.7.34221.43
MinimumVisualStudioVersion = 10.0.40219.1
Project("{FAE04EC0-301F-11D3-BF4B-00C04F79EFBC}") = "NDToolsBox", "TreeViewWithViewModelDemo\NDToolsBox.csproj", "{E10EB261-1B7B-4112-863E-2B197F08DDCD}"
EndProject
Project("{FAE04EC0-301F-11D3-BF4B-00C04F79EFBC}") = "Max2015", "Max2015\Max2015.csproj", "{FB6BD4CE-FB77-4F1A-BE9B-CBCE6F773351}"
EndProject
Project("{FAE04EC0-301F-11D3-BF4B-00C04F79EFBC}") = "Max2019", "Max2019\Max2019.csproj", "{9DA1A1E5-1A4A-4C23-BAAC-803B6F29BAD3}"
EndProject
Project("{FAE04EC0-301F-11D3-BF4B-00C04F79EFBC}") = "Max2022", "Max2022\Max2022.csproj", "{B23AC137-121C-4679-BCF3-37757A50B533}"
EndProject
Project("{FAE04EC0-301F-11D3-BF4B-00C04F79EFBC}") = "Max2021", "Max2021\Max2021.csproj", "{29F2F439-1095-4EC1-82AB-540BD17BA7DA}"
EndProject
Project("{FAE04EC0-301F-11D3-BF4B-00C04F79EFBC}") = "Max2016", "Max2016\Max2016.csproj", "{CFE72B7E-3D88-44EB-B5E4-BF82A9CF78A4}"
EndProject
Project("{FAE04EC0-301F-11D3-BF4B-00C04F79EFBC}") = "Max2017", "Max2017\Max2017.csproj", "{6C284D4E-32A2-46FD-9BD4-5289DF7A85B8}"
EndProject
Project("{FAE04EC0-301F-11D3-BF4B-00C04F79EFBC}") = "Max2018", "Max2018\Max2018.csproj", "{0894726C-0982-48C1-A65F-94A5ABF0723A}"
EndProject
Project("{FAE04EC0-301F-11D3-BF4B-00C04F79EFBC}") = "Max2023", "Max2023\Max2023.csproj", "{B0D49FB9-8335-49E8-B6FA-3E6ADA704AC4}"
EndProject
Project("{FAE04EC0-301F-11D3-BF4B-00C04F79EFBC}") = "Max2024", "Max2024\Max2024.csproj", "{0F49782F-F6D4-4035-A3EA-CF414678590F}"
EndProject
Project("{FAE04EC0-301F-11D3-BF4B-00C04F79EFBC}") = "Max2020", "Max202\Max2020.csproj", "{FA24D1E8-A400-4299-B515-28F0DDA3663E}"
EndProject
Project("{FAE04EC0-301F-11D3-BF4B-00C04F79EFBC}") = "BipedAinmPicker_FBXmap", "BipedAinmPicker_FBXmap\BipedAinmPicker_FBXmap.csproj", "{5B89CF5A-8F76-496D-BFE6-5B82324D2598}"
EndProject
Project("{FAE04EC0-301F-11D3-BF4B-00C04F79EFBC}") = "ConsoleTestApp1", "ConsoleTestApp1\ConsoleTestApp1.csproj", "{27503C02-940F-45C8-A4C6-D5E9572B8E4C}"
EndProject
Global
	GlobalSection(SolutionConfigurationPlatforms) = preSolution
		Debug|Any CPU = Debug|Any CPU
		Debug|x64 = Debug|x64
		Release|Any CPU = Release|Any CPU
		Release|x64 = Release|x64
	EndGlobalSection
	GlobalSection(ProjectConfigurationPlatforms) = postSolution
		{E10EB261-1B7B-4112-863E-2B197F08DDCD}.Debug|Any CPU.ActiveCfg = Debug|Any CPU
		{E10EB261-1B7B-4112-863E-2B197F08DDCD}.Debug|Any CPU.Build.0 = Debug|Any CPU
		{E10EB261-1B7B-4112-863E-2B197F08DDCD}.Debug|x64.ActiveCfg = Debug|x64
		{E10EB261-1B7B-4112-863E-2B197F08DDCD}.Debug|x64.Build.0 = Debug|x64
		{E10EB261-1B7B-4112-863E-2B197F08DDCD}.Release|Any CPU.ActiveCfg = Release|Any CPU
		{E10EB261-1B7B-4112-863E-2B197F08DDCD}.Release|Any CPU.Build.0 = Release|Any CPU
		{E10EB261-1B7B-4112-863E-2B197F08DDCD}.Release|x64.ActiveCfg = Release|x64
		{E10EB261-1B7B-4112-863E-2B197F08DDCD}.Release|x64.Build.0 = Release|x64
		{FB6BD4CE-FB77-4F1A-BE9B-CBCE6F773351}.Debug|Any CPU.ActiveCfg = Debug|Any CPU
		{FB6BD4CE-FB77-4F1A-BE9B-CBCE6F773351}.Debug|Any CPU.Build.0 = Debug|Any CPU
		{FB6BD4CE-FB77-4F1A-BE9B-CBCE6F773351}.Debug|x64.ActiveCfg = Debug|x64
		{FB6BD4CE-FB77-4F1A-BE9B-CBCE6F773351}.Debug|x64.Build.0 = Debug|x64
		{FB6BD4CE-FB77-4F1A-BE9B-CBCE6F773351}.Release|Any CPU.ActiveCfg = Release|Any CPU
		{FB6BD4CE-FB77-4F1A-BE9B-CBCE6F773351}.Release|Any CPU.Build.0 = Release|Any CPU
		{FB6BD4CE-FB77-4F1A-BE9B-CBCE6F773351}.Release|x64.ActiveCfg = Release|x64
		{FB6BD4CE-FB77-4F1A-BE9B-CBCE6F773351}.Release|x64.Build.0 = Release|x64
		{9DA1A1E5-1A4A-4C23-BAAC-803B6F29BAD3}.Debug|Any CPU.ActiveCfg = Debug|Any CPU
		{9DA1A1E5-1A4A-4C23-BAAC-803B6F29BAD3}.Debug|Any CPU.Build.0 = Debug|Any CPU
		{9DA1A1E5-1A4A-4C23-BAAC-803B6F29BAD3}.Debug|x64.ActiveCfg = Debug|x64
		{9DA1A1E5-1A4A-4C23-BAAC-803B6F29BAD3}.Debug|x64.Build.0 = Debug|x64
		{9DA1A1E5-1A4A-4C23-BAAC-803B6F29BAD3}.Release|Any CPU.ActiveCfg = Release|Any CPU
		{9DA1A1E5-1A4A-4C23-BAAC-803B6F29BAD3}.Release|Any CPU.Build.0 = Release|Any CPU
		{9DA1A1E5-1A4A-4C23-BAAC-803B6F29BAD3}.Release|x64.ActiveCfg = Release|x64
		{9DA1A1E5-1A4A-4C23-BAAC-803B6F29BAD3}.Release|x64.Build.0 = Release|x64
		{B23AC137-121C-4679-BCF3-37757A50B533}.Debug|Any CPU.ActiveCfg = Debug|Any CPU
		{B23AC137-121C-4679-BCF3-37757A50B533}.Debug|Any CPU.Build.0 = Debug|Any CPU
		{B23AC137-121C-4679-BCF3-37757A50B533}.Debug|x64.ActiveCfg = Debug|x64
		{B23AC137-121C-4679-BCF3-37757A50B533}.Debug|x64.Build.0 = Debug|x64
		{B23AC137-121C-4679-BCF3-37757A50B533}.Release|Any CPU.ActiveCfg = Release|Any CPU
		{B23AC137-121C-4679-BCF3-37757A50B533}.Release|Any CPU.Build.0 = Release|Any CPU
		{B23AC137-121C-4679-BCF3-37757A50B533}.Release|x64.ActiveCfg = Release|x64
		{B23AC137-121C-4679-BCF3-37757A50B533}.Release|x64.Build.0 = Release|x64
		{29F2F439-1095-4EC1-82AB-540BD17BA7DA}.Debug|Any CPU.ActiveCfg = Debug|Any CPU
		{29F2F439-1095-4EC1-82AB-540BD17BA7DA}.Debug|Any CPU.Build.0 = Debug|Any CPU
		{29F2F439-1095-4EC1-82AB-540BD17BA7DA}.Debug|x64.ActiveCfg = Debug|x64
		{29F2F439-1095-4EC1-82AB-540BD17BA7DA}.Debug|x64.Build.0 = Debug|x64
		{29F2F439-1095-4EC1-82AB-540BD17BA7DA}.Release|Any CPU.ActiveCfg = Release|Any CPU
		{29F2F439-1095-4EC1-82AB-540BD17BA7DA}.Release|Any CPU.Build.0 = Release|Any CPU
		{29F2F439-1095-4EC1-82AB-540BD17BA7DA}.Release|x64.ActiveCfg = Release|x64
		{29F2F439-1095-4EC1-82AB-540BD17BA7DA}.Release|x64.Build.0 = Release|x64
		{CFE72B7E-3D88-44EB-B5E4-BF82A9CF78A4}.Debug|Any CPU.ActiveCfg = Debug|Any CPU
		{CFE72B7E-3D88-44EB-B5E4-BF82A9CF78A4}.Debug|Any CPU.Build.0 = Debug|Any CPU
		{CFE72B7E-3D88-44EB-B5E4-BF82A9CF78A4}.Debug|x64.ActiveCfg = Debug|x64
		{CFE72B7E-3D88-44EB-B5E4-BF82A9CF78A4}.Debug|x64.Build.0 = Debug|x64
		{CFE72B7E-3D88-44EB-B5E4-BF82A9CF78A4}.Release|Any CPU.ActiveCfg = Release|Any CPU
		{CFE72B7E-3D88-44EB-B5E4-BF82A9CF78A4}.Release|Any CPU.Build.0 = Release|Any CPU
		{CFE72B7E-3D88-44EB-B5E4-BF82A9CF78A4}.Release|x64.ActiveCfg = Release|x64
		{CFE72B7E-3D88-44EB-B5E4-BF82A9CF78A4}.Release|x64.Build.0 = Release|x64
		{6C284D4E-32A2-46FD-9BD4-5289DF7A85B8}.Debug|Any CPU.ActiveCfg = Debug|Any CPU
		{6C284D4E-32A2-46FD-9BD4-5289DF7A85B8}.Debug|Any CPU.Build.0 = Debug|Any CPU
		{6C284D4E-32A2-46FD-9BD4-5289DF7A85B8}.Debug|x64.ActiveCfg = Debug|x64
		{6C284D4E-32A2-46FD-9BD4-5289DF7A85B8}.Debug|x64.Build.0 = Debug|x64
		{6C284D4E-32A2-46FD-9BD4-5289DF7A85B8}.Release|Any CPU.ActiveCfg = Release|Any CPU
		{6C284D4E-32A2-46FD-9BD4-5289DF7A85B8}.Release|Any CPU.Build.0 = Release|Any CPU
		{6C284D4E-32A2-46FD-9BD4-5289DF7A85B8}.Release|x64.ActiveCfg = Release|x64
		{6C284D4E-32A2-46FD-9BD4-5289DF7A85B8}.Release|x64.Build.0 = Release|x64
		{0894726C-0982-48C1-A65F-94A5ABF0723A}.Debug|Any CPU.ActiveCfg = Debug|Any CPU
		{0894726C-0982-48C1-A65F-94A5ABF0723A}.Debug|Any CPU.Build.0 = Debug|Any CPU
		{0894726C-0982-48C1-A65F-94A5ABF0723A}.Debug|x64.ActiveCfg = Debug|x64
		{0894726C-0982-48C1-A65F-94A5ABF0723A}.Debug|x64.Build.0 = Debug|x64
		{0894726C-0982-48C1-A65F-94A5ABF0723A}.Release|Any CPU.ActiveCfg = Release|Any CPU
		{0894726C-0982-48C1-A65F-94A5ABF0723A}.Release|Any CPU.Build.0 = Release|Any CPU
		{0894726C-0982-48C1-A65F-94A5ABF0723A}.Release|x64.ActiveCfg = Release|x64
		{0894726C-0982-48C1-A65F-94A5ABF0723A}.Release|x64.Build.0 = Release|x64
		{B0D49FB9-8335-49E8-B6FA-3E6ADA704AC4}.Debug|Any CPU.ActiveCfg = Debug|Any CPU
		{B0D49FB9-8335-49E8-B6FA-3E6ADA704AC4}.Debug|Any CPU.Build.0 = Debug|Any CPU
		{B0D49FB9-8335-49E8-B6FA-3E6ADA704AC4}.Debug|x64.ActiveCfg = Debug|x64
		{B0D49FB9-8335-49E8-B6FA-3E6ADA704AC4}.Debug|x64.Build.0 = Debug|x64
		{B0D49FB9-8335-49E8-B6FA-3E6ADA704AC4}.Release|Any CPU.ActiveCfg = Release|Any CPU
		{B0D49FB9-8335-49E8-B6FA-3E6ADA704AC4}.Release|Any CPU.Build.0 = Release|Any CPU
		{B0D49FB9-8335-49E8-B6FA-3E6ADA704AC4}.Release|x64.ActiveCfg = Release|x64
		{B0D49FB9-8335-49E8-B6FA-3E6ADA704AC4}.Release|x64.Build.0 = Release|x64
		{0F49782F-F6D4-4035-A3EA-CF414678590F}.Debug|Any CPU.ActiveCfg = Debug|Any CPU
		{0F49782F-F6D4-4035-A3EA-CF414678590F}.Debug|Any CPU.Build.0 = Debug|Any CPU
		{0F49782F-F6D4-4035-A3EA-CF414678590F}.Debug|x64.ActiveCfg = Debug|x64
		{0F49782F-F6D4-4035-A3EA-CF414678590F}.Debug|x64.Build.0 = Debug|x64
		{0F49782F-F6D4-4035-A3EA-CF414678590F}.Release|Any CPU.ActiveCfg = Release|Any CPU
		{0F49782F-F6D4-4035-A3EA-CF414678590F}.Release|Any CPU.Build.0 = Release|Any CPU
		{0F49782F-F6D4-4035-A3EA-CF414678590F}.Release|x64.ActiveCfg = Release|x64
		{0F49782F-F6D4-4035-A3EA-CF414678590F}.Release|x64.Build.0 = Release|x64
		{FA24D1E8-A400-4299-B515-28F0DDA3663E}.Debug|Any CPU.ActiveCfg = Debug|Any CPU
		{FA24D1E8-A400-4299-B515-28F0DDA3663E}.Debug|Any CPU.Build.0 = Debug|Any CPU
		{FA24D1E8-A400-4299-B515-28F0DDA3663E}.Debug|x64.ActiveCfg = Debug|x64
		{FA24D1E8-A400-4299-B515-28F0DDA3663E}.Debug|x64.Build.0 = Debug|x64
		{FA24D1E8-A400-4299-B515-28F0DDA3663E}.Release|Any CPU.ActiveCfg = Release|Any CPU
		{FA24D1E8-A400-4299-B515-28F0DDA3663E}.Release|Any CPU.Build.0 = Release|Any CPU
		{FA24D1E8-A400-4299-B515-28F0DDA3663E}.Release|x64.ActiveCfg = Release|x64
		{FA24D1E8-A400-4299-B515-28F0DDA3663E}.Release|x64.Build.0 = Release|x64
		{5B89CF5A-8F76-496D-BFE6-5B82324D2598}.Debug|Any CPU.ActiveCfg = Debug|Any CPU
		{5B89CF5A-8F76-496D-BFE6-5B82324D2598}.Debug|Any CPU.Build.0 = Debug|Any CPU
		{5B89CF5A-8F76-496D-BFE6-5B82324D2598}.Debug|x64.ActiveCfg = Debug|x64
		{5B89CF5A-8F76-496D-BFE6-5B82324D2598}.Debug|x64.Build.0 = Debug|x64
		{5B89CF5A-8F76-496D-BFE6-5B82324D2598}.Release|Any CPU.ActiveCfg = Release|Any CPU
		{5B89CF5A-8F76-496D-BFE6-5B82324D2598}.Release|Any CPU.Build.0 = Release|Any CPU
		{5B89CF5A-8F76-496D-BFE6-5B82324D2598}.Release|x64.ActiveCfg = Release|x64
		{5B89CF5A-8F76-496D-BFE6-5B82324D2598}.Release|x64.Build.0 = Release|x64
		{27503C02-940F-45C8-A4C6-D5E9572B8E4C}.Debug|Any CPU.ActiveCfg = Debug|Any CPU
		{27503C02-940F-45C8-A4C6-D5E9572B8E4C}.Debug|Any CPU.Build.0 = Debug|Any CPU
		{27503C02-940F-45C8-A4C6-D5E9572B8E4C}.Debug|x64.ActiveCfg = Debug|Any CPU
		{27503C02-940F-45C8-A4C6-D5E9572B8E4C}.Debug|x64.Build.0 = Debug|Any CPU
		{27503C02-940F-45C8-A4C6-D5E9572B8E4C}.Release|Any CPU.ActiveCfg = Release|Any CPU
		{27503C02-940F-45C8-A4C6-D5E9572B8E4C}.Release|Any CPU.Build.0 = Release|Any CPU
		{27503C02-940F-45C8-A4C6-D5E9572B8E4C}.Release|x64.ActiveCfg = Release|Any CPU
		{27503C02-940F-45C8-A4C6-D5E9572B8E4C}.Release|x64.Build.0 = Release|Any CPU
	EndGlobalSection
	GlobalSection(SolutionProperties) = preSolution
		HideSolutionNode = FALSE
	EndGlobalSection
	GlobalSection(ExtensibilityGlobals) = postSolution
		SolutionGuid = {FA02C28F-A5D6-4690-A79E-C569C30ADDFF}
	EndGlobalSection
EndGlobal
